// !$*UTF8*$!
{
	archiveVersion = 1;
	classes = {
	};
	objectVersion = 51;
	objects = {

/* Begin PBXBuildFile section */
		0203122323ECE2900052E070 /* DataModel.xcdatamodeld in Sources */ = {isa = PBXBuildFile; fileRef = 0203122123ECE2900052E070 /* DataModel.xcdatamodeld */; };
		0203122523ECE2E30052E070 /* Search.swift in Sources */ = {isa = PBXBuildFile; fileRef = 0203122423ECE2E30052E070 /* Search.swift */; };
		0203122723ECE2FD0052E070 /* SearchDataAccessProvider.swift in Sources */ = {isa = PBXBuildFile; fileRef = 0203122623ECE2FD0052E070 /* SearchDataAccessProvider.swift */; };
		0203122E23ECEAB20052E070 /* BookRequest.swift in Sources */ = {isa = PBXBuildFile; fileRef = 0203122D23ECEAB20052E070 /* BookRequest.swift */; };
		0203123023ECEB3D0052E070 /* ServiceManager.swift in Sources */ = {isa = PBXBuildFile; fileRef = 0203122F23ECEB3D0052E070 /* ServiceManager.swift */; };
		0203123423EE28E60052E070 /* Book.swift in Sources */ = {isa = PBXBuildFile; fileRef = 0203123323EE28E60052E070 /* Book.swift */; };
		0203123A23EE329A0052E070 /* BookResponse.swift in Sources */ = {isa = PBXBuildFile; fileRef = 0203123923EE329A0052E070 /* BookResponse.swift */; };
		0203123D23EE377F0052E070 /* BookSeekerStorageTests.swift in Sources */ = {isa = PBXBuildFile; fileRef = 0203123C23EE377F0052E070 /* BookSeekerStorageTests.swift */; };
		0203124523EF4DA80052E070 /* BookSeekerServiceManagerTests.swift in Sources */ = {isa = PBXBuildFile; fileRef = 0203124423EF4DA80052E070 /* BookSeekerServiceManagerTests.swift */; };
		0269F8E323EF6668005FD857 /* BookSeekerSearchResultViewController.swift in Sources */ = {isa = PBXBuildFile; fileRef = 0269F8E223EF6668005FD857 /* BookSeekerSearchResultViewController.swift */; };
		0269F8E723EF6830005FD857 /* BaseTableViewController.swift in Sources */ = {isa = PBXBuildFile; fileRef = 0269F8E623EF6830005FD857 /* BaseTableViewController.swift */; };
		0269F8E923EF69C2005FD857 /* BaseTableViewCell.swift in Sources */ = {isa = PBXBuildFile; fileRef = 0269F8E823EF69C2005FD857 /* BaseTableViewCell.swift */; };
		0269F8EC23EF69EC005FD857 /* BookCell.swift in Sources */ = {isa = PBXBuildFile; fileRef = 0269F8EB23EF69EC005FD857 /* BookCell.swift */; };
		0269F8EE23EF6B8E005FD857 /* BookSeekerSearchResultViewModel.swift in Sources */ = {isa = PBXBuildFile; fileRef = 0269F8ED23EF6B8E005FD857 /* BookSeekerSearchResultViewModel.swift */; };
		0269F8F023EF8324005FD857 /* ViewLayoutable.swift in Sources */ = {isa = PBXBuildFile; fileRef = 0269F8EF23EF8324005FD857 /* ViewLayoutable.swift */; };
		0269F8F323EF83B6005FD857 /* AlertType.swift in Sources */ = {isa = PBXBuildFile; fileRef = 0269F8F223EF83B6005FD857 /* AlertType.swift */; };
		0269F8F623EF9385005FD857 /* BookSeekerSearchResultDelegate.swift in Sources */ = {isa = PBXBuildFile; fileRef = 0269F8F523EF9385005FD857 /* BookSeekerSearchResultDelegate.swift */; };
		0269F8F923F05CEA005FD857 /* DepedencyInjection.swift in Sources */ = {isa = PBXBuildFile; fileRef = 0269F8F823F05CEA005FD857 /* DepedencyInjection.swift */; };
		0269F8FB23F05CFD005FD857 /* FeatureAssembly.swift in Sources */ = {isa = PBXBuildFile; fileRef = 0269F8FA23F05CFD005FD857 /* FeatureAssembly.swift */; };
		0269F8FD23F05D91005FD857 /* ServiceAssembly.swift in Sources */ = {isa = PBXBuildFile; fileRef = 0269F8FC23F05D91005FD857 /* ServiceAssembly.swift */; };
		0269F8FF23F05DAA005FD857 /* FactoryImplementation.swift in Sources */ = {isa = PBXBuildFile; fileRef = 0269F8FE23F05DAA005FD857 /* FactoryImplementation.swift */; };
		0269F90123F05DDF005FD857 /* Factory.swift in Sources */ = {isa = PBXBuildFile; fileRef = 0269F90023F05DDF005FD857 /* Factory.swift */; };
		0269F90323F05DFD005FD857 /* FlowController.swift in Sources */ = {isa = PBXBuildFile; fileRef = 0269F90223F05DFD005FD857 /* FlowController.swift */; };
		0269F90623F062F5005FD857 /* BookSeekerDetailViewController.swift in Sources */ = {isa = PBXBuildFile; fileRef = 0269F90523F062F5005FD857 /* BookSeekerDetailViewController.swift */; };
		0269F90823F06304005FD857 /* BookSeekerDetailViewModel.swift in Sources */ = {isa = PBXBuildFile; fileRef = 0269F90723F06304005FD857 /* BookSeekerDetailViewModel.swift */; };
		0269F90A23F06315005FD857 /* BookSeekerDetailViewControllerDelegate.swift in Sources */ = {isa = PBXBuildFile; fileRef = 0269F90923F06315005FD857 /* BookSeekerDetailViewControllerDelegate.swift */; };
		0269F90E23F06A20005FD857 /* DetailsItemView.swift in Sources */ = {isa = PBXBuildFile; fileRef = 0269F90D23F06A20005FD857 /* DetailsItemView.swift */; };
		0269F91023F06E4C005FD857 /* ViewCustomizable.swift in Sources */ = {isa = PBXBuildFile; fileRef = 0269F90F23F06E4C005FD857 /* ViewCustomizable.swift */; };
		0269F91423F075BB005FD857 /* String+Extensions.swift in Sources */ = {isa = PBXBuildFile; fileRef = 0269F91323F075BB005FD857 /* String+Extensions.swift */; };
		0269F91623F077A7005FD857 /* UIView+Extensions.swift in Sources */ = {isa = PBXBuildFile; fileRef = 0269F91523F077A6005FD857 /* UIView+Extensions.swift */; };
		0269F91B23F091FF005FD857 /* PastSearchesViewCell.swift in Sources */ = {isa = PBXBuildFile; fileRef = 0269F91A23F091FF005FD857 /* PastSearchesViewCell.swift */; };
		0269F91F23F09456005FD857 /* PastSearchesView.swift in Sources */ = {isa = PBXBuildFile; fileRef = 0269F91E23F09456005FD857 /* PastSearchesView.swift */; };
		0269F92123F094E3005FD857 /* PastSearchesViewModel.swift in Sources */ = {isa = PBXBuildFile; fileRef = 0269F92023F094E3005FD857 /* PastSearchesViewModel.swift */; };
		0DC3E15232745E2BF195F1E2 /* Pods_BookSeeker.framework in Frameworks */ = {isa = PBXBuildFile; fileRef = 4F7DABA4F1A32A629ADE4365 /* Pods_BookSeeker.framework */; };
		B1B751E4233D28D6002C83F2 /* AppDelegate.swift in Sources */ = {isa = PBXBuildFile; fileRef = B1B751E3233D28D6002C83F2 /* AppDelegate.swift */; };
		B1B751ED233D28D8002C83F2 /* Assets.xcassets in Resources */ = {isa = PBXBuildFile; fileRef = B1B751EC233D28D8002C83F2 /* Assets.xcassets */; };
		B1B751F0233D28D8002C83F2 /* LaunchScreen.storyboard in Resources */ = {isa = PBXBuildFile; fileRef = B1B751EE233D28D8002C83F2 /* LaunchScreen.storyboard */; };
		CDB38D78F99DBF468B5FD9A3 /* libPods-BookSeekerTests.a in Frameworks */ = {isa = PBXBuildFile; fileRef = E77C74A7E0FFDC864FCE131B /* libPods-BookSeekerTests.a */; };
/* End PBXBuildFile section */

/* Begin PBXContainerItemProxy section */
		B1B751F7233D28D8002C83F2 /* PBXContainerItemProxy */ = {
			isa = PBXContainerItemProxy;
			containerPortal = B1B751D8233D28D6002C83F2 /* Project object */;
			proxyType = 1;
			remoteGlobalIDString = B1B751DF233D28D6002C83F2;
			remoteInfo = BookSeeker;
		};
/* End PBXContainerItemProxy section */

/* Begin PBXFileReference section */
		0043A0DA9B201F3B8E554D5F /* Pods-BookSeeker.debug.xcconfig */ = {isa = PBXFileReference; includeInIndex = 1; lastKnownFileType = text.xcconfig; name = "Pods-BookSeeker.debug.xcconfig"; path = "Target Support Files/Pods-BookSeeker/Pods-BookSeeker.debug.xcconfig"; sourceTree = "<group>"; };
		0203122223ECE2900052E070 /* DataModel.xcdatamodel */ = {isa = PBXFileReference; lastKnownFileType = wrapper.xcdatamodel; path = DataModel.xcdatamodel; sourceTree = "<group>"; };
		0203122423ECE2E30052E070 /* Search.swift */ = {isa = PBXFileReference; lastKnownFileType = sourcecode.swift; path = Search.swift; sourceTree = "<group>"; };
		0203122623ECE2FD0052E070 /* SearchDataAccessProvider.swift */ = {isa = PBXFileReference; lastKnownFileType = sourcecode.swift; path = SearchDataAccessProvider.swift; sourceTree = "<group>"; };
		0203122D23ECEAB20052E070 /* BookRequest.swift */ = {isa = PBXFileReference; lastKnownFileType = sourcecode.swift; path = BookRequest.swift; sourceTree = "<group>"; };
		0203122F23ECEB3D0052E070 /* ServiceManager.swift */ = {isa = PBXFileReference; lastKnownFileType = sourcecode.swift; path = ServiceManager.swift; sourceTree = "<group>"; };
		0203123323EE28E60052E070 /* Book.swift */ = {isa = PBXFileReference; lastKnownFileType = sourcecode.swift; path = Book.swift; sourceTree = "<group>"; };
		0203123923EE329A0052E070 /* BookResponse.swift */ = {isa = PBXFileReference; lastKnownFileType = sourcecode.swift; path = BookResponse.swift; sourceTree = "<group>"; };
		0203123C23EE377F0052E070 /* BookSeekerStorageTests.swift */ = {isa = PBXFileReference; lastKnownFileType = sourcecode.swift; path = BookSeekerStorageTests.swift; sourceTree = "<group>"; };
		0203124423EF4DA80052E070 /* BookSeekerServiceManagerTests.swift */ = {isa = PBXFileReference; lastKnownFileType = sourcecode.swift; path = BookSeekerServiceManagerTests.swift; sourceTree = "<group>"; };
		0269F8E223EF6668005FD857 /* BookSeekerSearchResultViewController.swift */ = {isa = PBXFileReference; lastKnownFileType = sourcecode.swift; path = BookSeekerSearchResultViewController.swift; sourceTree = "<group>"; };
		0269F8E623EF6830005FD857 /* BaseTableViewController.swift */ = {isa = PBXFileReference; lastKnownFileType = sourcecode.swift; path = BaseTableViewController.swift; sourceTree = "<group>"; };
		0269F8E823EF69C2005FD857 /* BaseTableViewCell.swift */ = {isa = PBXFileReference; lastKnownFileType = sourcecode.swift; path = BaseTableViewCell.swift; sourceTree = "<group>"; };
		0269F8EB23EF69EC005FD857 /* BookCell.swift */ = {isa = PBXFileReference; lastKnownFileType = sourcecode.swift; path = BookCell.swift; sourceTree = "<group>"; };
		0269F8ED23EF6B8E005FD857 /* BookSeekerSearchResultViewModel.swift */ = {isa = PBXFileReference; lastKnownFileType = sourcecode.swift; path = BookSeekerSearchResultViewModel.swift; sourceTree = "<group>"; };
		0269F8EF23EF8324005FD857 /* ViewLayoutable.swift */ = {isa = PBXFileReference; lastKnownFileType = sourcecode.swift; path = ViewLayoutable.swift; sourceTree = "<group>"; };
		0269F8F223EF83B6005FD857 /* AlertType.swift */ = {isa = PBXFileReference; lastKnownFileType = sourcecode.swift; path = AlertType.swift; sourceTree = "<group>"; };
		0269F8F523EF9385005FD857 /* BookSeekerSearchResultDelegate.swift */ = {isa = PBXFileReference; lastKnownFileType = sourcecode.swift; path = BookSeekerSearchResultDelegate.swift; sourceTree = "<group>"; };
		0269F8F823F05CEA005FD857 /* DepedencyInjection.swift */ = {isa = PBXFileReference; lastKnownFileType = sourcecode.swift; path = DepedencyInjection.swift; sourceTree = "<group>"; };
		0269F8FA23F05CFD005FD857 /* FeatureAssembly.swift */ = {isa = PBXFileReference; lastKnownFileType = sourcecode.swift; path = FeatureAssembly.swift; sourceTree = "<group>"; };
		0269F8FC23F05D91005FD857 /* ServiceAssembly.swift */ = {isa = PBXFileReference; lastKnownFileType = sourcecode.swift; path = ServiceAssembly.swift; sourceTree = "<group>"; };
		0269F8FE23F05DAA005FD857 /* FactoryImplementation.swift */ = {isa = PBXFileReference; lastKnownFileType = sourcecode.swift; path = FactoryImplementation.swift; sourceTree = "<group>"; };
		0269F90023F05DDF005FD857 /* Factory.swift */ = {isa = PBXFileReference; lastKnownFileType = sourcecode.swift; path = Factory.swift; sourceTree = "<group>"; };
		0269F90223F05DFD005FD857 /* FlowController.swift */ = {isa = PBXFileReference; lastKnownFileType = sourcecode.swift; path = FlowController.swift; sourceTree = "<group>"; };
		0269F90523F062F5005FD857 /* BookSeekerDetailViewController.swift */ = {isa = PBXFileReference; lastKnownFileType = sourcecode.swift; path = BookSeekerDetailViewController.swift; sourceTree = "<group>"; };
		0269F90723F06304005FD857 /* BookSeekerDetailViewModel.swift */ = {isa = PBXFileReference; lastKnownFileType = sourcecode.swift; path = BookSeekerDetailViewModel.swift; sourceTree = "<group>"; };
		0269F90923F06315005FD857 /* BookSeekerDetailViewControllerDelegate.swift */ = {isa = PBXFileReference; lastKnownFileType = sourcecode.swift; path = BookSeekerDetailViewControllerDelegate.swift; sourceTree = "<group>"; };
		0269F90D23F06A20005FD857 /* DetailsItemView.swift */ = {isa = PBXFileReference; lastKnownFileType = sourcecode.swift; path = DetailsItemView.swift; sourceTree = "<group>"; };
		0269F90F23F06E4C005FD857 /* ViewCustomizable.swift */ = {isa = PBXFileReference; lastKnownFileType = sourcecode.swift; path = ViewCustomizable.swift; sourceTree = "<group>"; };
		0269F91323F075BB005FD857 /* String+Extensions.swift */ = {isa = PBXFileReference; lastKnownFileType = sourcecode.swift; path = "String+Extensions.swift"; sourceTree = "<group>"; };
		0269F91523F077A6005FD857 /* UIView+Extensions.swift */ = {isa = PBXFileReference; lastKnownFileType = sourcecode.swift; path = "UIView+Extensions.swift"; sourceTree = "<group>"; };
		0269F91A23F091FF005FD857 /* PastSearchesViewCell.swift */ = {isa = PBXFileReference; lastKnownFileType = sourcecode.swift; path = PastSearchesViewCell.swift; sourceTree = "<group>"; };
		0269F91E23F09456005FD857 /* PastSearchesView.swift */ = {isa = PBXFileReference; lastKnownFileType = sourcecode.swift; path = PastSearchesView.swift; sourceTree = "<group>"; };
		0269F92023F094E3005FD857 /* PastSearchesViewModel.swift */ = {isa = PBXFileReference; lastKnownFileType = sourcecode.swift; path = PastSearchesViewModel.swift; sourceTree = "<group>"; };
		31B8D881FA8E490F13BFE945 /* Pods-BookSeeker.release.xcconfig */ = {isa = PBXFileReference; includeInIndex = 1; lastKnownFileType = text.xcconfig; name = "Pods-BookSeeker.release.xcconfig"; path = "Target Support Files/Pods-BookSeeker/Pods-BookSeeker.release.xcconfig"; sourceTree = "<group>"; };
		3FC463FEE6B8A8869E69A364 /* Pods-BookSeekerTests.debug.xcconfig */ = {isa = PBXFileReference; includeInIndex = 1; lastKnownFileType = text.xcconfig; name = "Pods-BookSeekerTests.debug.xcconfig"; path = "Target Support Files/Pods-BookSeekerTests/Pods-BookSeekerTests.debug.xcconfig"; sourceTree = "<group>"; };
		4F7DABA4F1A32A629ADE4365 /* Pods_BookSeeker.framework */ = {isa = PBXFileReference; explicitFileType = wrapper.framework; includeInIndex = 0; path = Pods_BookSeeker.framework; sourceTree = BUILT_PRODUCTS_DIR; };
		B1B751E0233D28D6002C83F2 /* BookSeeker.app */ = {isa = PBXFileReference; explicitFileType = wrapper.application; includeInIndex = 0; path = BookSeeker.app; sourceTree = BUILT_PRODUCTS_DIR; };
		B1B751E3233D28D6002C83F2 /* AppDelegate.swift */ = {isa = PBXFileReference; lastKnownFileType = sourcecode.swift; path = AppDelegate.swift; sourceTree = "<group>"; };
		B1B751EC233D28D8002C83F2 /* Assets.xcassets */ = {isa = PBXFileReference; lastKnownFileType = folder.assetcatalog; path = Assets.xcassets; sourceTree = "<group>"; };
		B1B751EF233D28D8002C83F2 /* Base */ = {isa = PBXFileReference; lastKnownFileType = file.storyboard; name = Base; path = Base.lproj/LaunchScreen.storyboard; sourceTree = "<group>"; };
		B1B751F1233D28D8002C83F2 /* Info.plist */ = {isa = PBXFileReference; lastKnownFileType = text.plist.xml; path = Info.plist; sourceTree = "<group>"; };
		B1B751F6233D28D8002C83F2 /* BookSeekerTests.xctest */ = {isa = PBXFileReference; explicitFileType = wrapper.cfbundle; includeInIndex = 0; path = BookSeekerTests.xctest; sourceTree = BUILT_PRODUCTS_DIR; };
		B1B751FC233D28D8002C83F2 /* Info.plist */ = {isa = PBXFileReference; lastKnownFileType = text.plist.xml; path = Info.plist; sourceTree = "<group>"; };
		E77C74A7E0FFDC864FCE131B /* libPods-BookSeekerTests.a */ = {isa = PBXFileReference; explicitFileType = archive.ar; includeInIndex = 0; path = "libPods-BookSeekerTests.a"; sourceTree = BUILT_PRODUCTS_DIR; };
		EC538FD9C107A4556A3DE6B7 /* Pods-BookSeekerTests.release.xcconfig */ = {isa = PBXFileReference; includeInIndex = 1; lastKnownFileType = text.xcconfig; name = "Pods-BookSeekerTests.release.xcconfig"; path = "Target Support Files/Pods-BookSeekerTests/Pods-BookSeekerTests.release.xcconfig"; sourceTree = "<group>"; };
/* End PBXFileReference section */

/* Begin PBXFrameworksBuildPhase section */
		B1B751DD233D28D6002C83F2 /* Frameworks */ = {
			isa = PBXFrameworksBuildPhase;
			buildActionMask = 2147483647;
			files = (
				0DC3E15232745E2BF195F1E2 /* Pods_BookSeeker.framework in Frameworks */,
			);
			runOnlyForDeploymentPostprocessing = 0;
		};
		B1B751F3233D28D8002C83F2 /* Frameworks */ = {
			isa = PBXFrameworksBuildPhase;
			buildActionMask = 2147483647;
			files = (
				CDB38D78F99DBF468B5FD9A3 /* libPods-BookSeekerTests.a in Frameworks */,
			);
			runOnlyForDeploymentPostprocessing = 0;
		};
/* End PBXFrameworksBuildPhase section */

/* Begin PBXGroup section */
		0203121C23ECD6890052E070 /* App */ = {
			isa = PBXGroup;
			children = (
				B1B751E3233D28D6002C83F2 /* AppDelegate.swift */,
			);
			path = App;
			sourceTree = "<group>";
		};
		0203121D23ECD7040052E070 /* Resource */ = {
			isa = PBXGroup;
			children = (
				B1B751EC233D28D8002C83F2 /* Assets.xcassets */,
				B1B751EE233D28D8002C83F2 /* LaunchScreen.storyboard */,
				B1B751F1233D28D8002C83F2 /* Info.plist */,
			);
			path = Resource;
			sourceTree = "<group>";
		};
		0203122023ECE25C0052E070 /* BookSeekerStorage */ = {
			isa = PBXGroup;
			children = (
				0203122123ECE2900052E070 /* DataModel.xcdatamodeld */,
				0203122623ECE2FD0052E070 /* SearchDataAccessProvider.swift */,
				0203122423ECE2E30052E070 /* Search.swift */,
			);
			path = BookSeekerStorage;
			sourceTree = "<group>";
		};
		0203122B23ECEA6B0052E070 /* BookSeekerService */ = {
			isa = PBXGroup;
			children = (
				0203122C23ECEA940052E070 /* Request */,
				0203122F23ECEB3D0052E070 /* ServiceManager.swift */,
			);
			path = BookSeekerService;
			sourceTree = "<group>";
		};
		0203122C23ECEA940052E070 /* Request */ = {
			isa = PBXGroup;
			children = (
				0203122D23ECEAB20052E070 /* BookRequest.swift */,
			);
			path = Request;
			sourceTree = "<group>";
		};
		0203123123EE282A0052E070 /* BookSeekerDomain */ = {
			isa = PBXGroup;
			children = (
				0203123223EE28B20052E070 /* Models */,
				0269F8F123EF83A5005FD857 /* Enums */,
			);
			path = BookSeekerDomain;
			sourceTree = "<group>";
		};
		0203123223EE28B20052E070 /* Models */ = {
			isa = PBXGroup;
			children = (
				0203123323EE28E60052E070 /* Book.swift */,
				0203123923EE329A0052E070 /* BookResponse.swift */,
			);
			path = Models;
			sourceTree = "<group>";
		};
		0203123B23EE375A0052E070 /* BookSeekerStorageTests */ = {
			isa = PBXGroup;
			children = (
				0203123C23EE377F0052E070 /* BookSeekerStorageTests.swift */,
			);
			path = BookSeekerStorageTests;
			sourceTree = "<group>";
		};
		0203124323EF4D8F0052E070 /* BookSeekerServiceTests */ = {
			isa = PBXGroup;
			children = (
				0203124423EF4DA80052E070 /* BookSeekerServiceManagerTests.swift */,
			);
			path = BookSeekerServiceTests;
			sourceTree = "<group>";
		};
		0269F8E023EF663B005FD857 /* BookSeekerUI */ = {
			isa = PBXGroup;
			children = (
				0269F90023F05DDF005FD857 /* Factory.swift */,
				0269F90223F05DFD005FD857 /* FlowController.swift */,
				0269F8E523EF67F0005FD857 /* Base */,
				0269F8E423EF66FC005FD857 /* Protocols */,
				0269F8F423EF83CA005FD857 /* Features */,
				0269F91823F091A3005FD857 /* Components */,
			);
			path = BookSeekerUI;
			sourceTree = "<group>";
		};
		0269F8E123EF6644005FD857 /* SearchResult */ = {
			isa = PBXGroup;
			children = (
				0269F8EA23EF69E0005FD857 /* Views */,
				0269F8F523EF9385005FD857 /* BookSeekerSearchResultDelegate.swift */,
				0269F8E223EF6668005FD857 /* BookSeekerSearchResultViewController.swift */,
				0269F8ED23EF6B8E005FD857 /* BookSeekerSearchResultViewModel.swift */,
			);
			path = SearchResult;
			sourceTree = "<group>";
		};
		0269F8E423EF66FC005FD857 /* Protocols */ = {
			isa = PBXGroup;
			children = (
				0269F8EF23EF8324005FD857 /* ViewLayoutable.swift */,
				0269F90F23F06E4C005FD857 /* ViewCustomizable.swift */,
			);
			path = Protocols;
			sourceTree = "<group>";
		};
		0269F8E523EF67F0005FD857 /* Base */ = {
			isa = PBXGroup;
			children = (
				0269F8E623EF6830005FD857 /* BaseTableViewController.swift */,
				0269F8E823EF69C2005FD857 /* BaseTableViewCell.swift */,
			);
			path = Base;
			sourceTree = "<group>";
		};
		0269F8EA23EF69E0005FD857 /* Views */ = {
			isa = PBXGroup;
			children = (
				0269F8EB23EF69EC005FD857 /* BookCell.swift */,
			);
			path = Views;
			sourceTree = "<group>";
		};
		0269F8F123EF83A5005FD857 /* Enums */ = {
			isa = PBXGroup;
			children = (
				0269F8F223EF83B6005FD857 /* AlertType.swift */,
			);
			path = Enums;
			sourceTree = "<group>";
		};
		0269F8F423EF83CA005FD857 /* Features */ = {
			isa = PBXGroup;
			children = (
				0269F91723F09155005FD857 /* SearchTextField */,
				0269F8E123EF6644005FD857 /* SearchResult */,
				0269F90423F062E4005FD857 /* SearchDetail */,
			);
			path = Features;
			sourceTree = "<group>";
		};
		0269F8F723F05CE0005FD857 /* DepedencyInjection */ = {
			isa = PBXGroup;
			children = (
				0269F8F823F05CEA005FD857 /* DepedencyInjection.swift */,
				0269F8FA23F05CFD005FD857 /* FeatureAssembly.swift */,
				0269F8FC23F05D91005FD857 /* ServiceAssembly.swift */,
				0269F8FE23F05DAA005FD857 /* FactoryImplementation.swift */,
			);
			path = DepedencyInjection;
			sourceTree = "<group>";
		};
		0269F90423F062E4005FD857 /* SearchDetail */ = {
			isa = PBXGroup;
			children = (
				0269F90C23F069EE005FD857 /* View */,
				0269F90923F06315005FD857 /* BookSeekerDetailViewControllerDelegate.swift */,
				0269F90523F062F5005FD857 /* BookSeekerDetailViewController.swift */,
				0269F90723F06304005FD857 /* BookSeekerDetailViewModel.swift */,
			);
			path = SearchDetail;
			sourceTree = "<group>";
		};
		0269F90C23F069EE005FD857 /* View */ = {
			isa = PBXGroup;
			children = (
				0269F90D23F06A20005FD857 /* DetailsItemView.swift */,
			);
			path = View;
			sourceTree = "<group>";
		};
		0269F91123F0759F005FD857 /* BookSeekerUIKit */ = {
			isa = PBXGroup;
			children = (
				0269F91223F075AA005FD857 /* Extensions */,
			);
			path = BookSeekerUIKit;
			sourceTree = "<group>";
		};
		0269F91223F075AA005FD857 /* Extensions */ = {
			isa = PBXGroup;
			children = (
				0269F91323F075BB005FD857 /* String+Extensions.swift */,
				0269F91523F077A6005FD857 /* UIView+Extensions.swift */,
			);
			path = Extensions;
			sourceTree = "<group>";
		};
		0269F91723F09155005FD857 /* SearchTextField */ = {
			isa = PBXGroup;
			children = (
			);
			path = SearchTextField;
			sourceTree = "<group>";
		};
		0269F91823F091A3005FD857 /* Components */ = {
			isa = PBXGroup;
			children = (
				0269F91923F091B3005FD857 /* PastSearches */,
			);
			path = Components;
			sourceTree = "<group>";
		};
		0269F91923F091B3005FD857 /* PastSearches */ = {
			isa = PBXGroup;
			children = (
				0269F91A23F091FF005FD857 /* PastSearchesViewCell.swift */,
				0269F91E23F09456005FD857 /* PastSearchesView.swift */,
				0269F92023F094E3005FD857 /* PastSearchesViewModel.swift */,
			);
			path = PastSearches;
			sourceTree = "<group>";
		};
		98F9D695D3979560F9D50360 /* Pods */ = {
			isa = PBXGroup;
			children = (
				0043A0DA9B201F3B8E554D5F /* Pods-BookSeeker.debug.xcconfig */,
				31B8D881FA8E490F13BFE945 /* Pods-BookSeeker.release.xcconfig */,
				3FC463FEE6B8A8869E69A364 /* Pods-BookSeekerTests.debug.xcconfig */,
				EC538FD9C107A4556A3DE6B7 /* Pods-BookSeekerTests.release.xcconfig */,
			);
			path = Pods;
			sourceTree = "<group>";
		};
		9EC2C6AB283B7BB5E5C80D54 /* Frameworks */ = {
			isa = PBXGroup;
			children = (
				4F7DABA4F1A32A629ADE4365 /* Pods_BookSeeker.framework */,
				E77C74A7E0FFDC864FCE131B /* libPods-BookSeekerTests.a */,
			);
			name = Frameworks;
			sourceTree = "<group>";
		};
		B1B751D7233D28D6002C83F2 = {
			isa = PBXGroup;
			children = (
				B1B751E2233D28D6002C83F2 /* BookSeeker */,
				0269F8E023EF663B005FD857 /* BookSeekerUI */,
				0269F91123F0759F005FD857 /* BookSeekerUIKit */,
				0203123123EE282A0052E070 /* BookSeekerDomain */,
				0203122B23ECEA6B0052E070 /* BookSeekerService */,
				0203122023ECE25C0052E070 /* BookSeekerStorage */,
				B1B751F9233D28D8002C83F2 /* BookSeekerTests */,
				B1B751E1233D28D6002C83F2 /* Products */,
				98F9D695D3979560F9D50360 /* Pods */,
				9EC2C6AB283B7BB5E5C80D54 /* Frameworks */,
			);
			sourceTree = "<group>";
		};
		B1B751E1233D28D6002C83F2 /* Products */ = {
			isa = PBXGroup;
			children = (
				B1B751E0233D28D6002C83F2 /* BookSeeker.app */,
				B1B751F6233D28D8002C83F2 /* BookSeekerTests.xctest */,
			);
			name = Products;
			sourceTree = "<group>";
		};
		B1B751E2233D28D6002C83F2 /* BookSeeker */ = {
			isa = PBXGroup;
			children = (
				0203121C23ECD6890052E070 /* App */,
				0269F8F723F05CE0005FD857 /* DepedencyInjection */,
				0203121D23ECD7040052E070 /* Resource */,
			);
			path = BookSeeker;
			sourceTree = "<group>";
		};
		B1B751F9233D28D8002C83F2 /* BookSeekerTests */ = {
			isa = PBXGroup;
			children = (
				0203124323EF4D8F0052E070 /* BookSeekerServiceTests */,
				0203123B23EE375A0052E070 /* BookSeekerStorageTests */,
				B1B751FC233D28D8002C83F2 /* Info.plist */,
			);
			path = BookSeekerTests;
			sourceTree = "<group>";
		};
/* End PBXGroup section */

/* Begin PBXNativeTarget section */
		B1B751DF233D28D6002C83F2 /* BookSeeker */ = {
			isa = PBXNativeTarget;
			buildConfigurationList = B1B7520A233D28D9002C83F2 /* Build configuration list for PBXNativeTarget "BookSeeker" */;
			buildPhases = (
				2DEB28B929D0D453771C11FF /* [CP] Check Pods Manifest.lock */,
				B1B751DC233D28D6002C83F2 /* Sources */,
				B1B751DD233D28D6002C83F2 /* Frameworks */,
				B1B751DE233D28D6002C83F2 /* Resources */,
				B1B75213233D47BB002C83F2 /* Swiftlint */,
				3CA8BFD732994D6391A290BC /* [CP] Embed Pods Frameworks */,
			);
			buildRules = (
			);
			dependencies = (
			);
			name = BookSeeker;
			productName = BookSeeker;
			productReference = B1B751E0233D28D6002C83F2 /* BookSeeker.app */;
			productType = "com.apple.product-type.application";
		};
		B1B751F5233D28D8002C83F2 /* BookSeekerTests */ = {
			isa = PBXNativeTarget;
			buildConfigurationList = B1B7520D233D28D9002C83F2 /* Build configuration list for PBXNativeTarget "BookSeekerTests" */;
			buildPhases = (
				FE316AF6D339D3DE221F1B0F /* [CP] Check Pods Manifest.lock */,
				B1B751F2233D28D8002C83F2 /* Sources */,
				B1B751F3233D28D8002C83F2 /* Frameworks */,
				B1B751F4233D28D8002C83F2 /* Resources */,
			);
			buildRules = (
			);
			dependencies = (
				B1B751F8233D28D8002C83F2 /* PBXTargetDependency */,
			);
			name = BookSeekerTests;
			productName = BookSeekerTests;
			productReference = B1B751F6233D28D8002C83F2 /* BookSeekerTests.xctest */;
			productType = "com.apple.product-type.bundle.unit-test";
		};
/* End PBXNativeTarget section */

/* Begin PBXProject section */
		B1B751D8233D28D6002C83F2 /* Project object */ = {
			isa = PBXProject;
			attributes = {
				LastSwiftUpdateCheck = 1100;
				LastUpgradeCheck = 1100;
				ORGANIZATIONNAME = CIT;
				TargetAttributes = {
					B1B751DF233D28D6002C83F2 = {
						CreatedOnToolsVersion = 11.0;
					};
					B1B751F5233D28D8002C83F2 = {
						CreatedOnToolsVersion = 11.0;
						LastSwiftMigration = 1010;
						TestTargetID = B1B751DF233D28D6002C83F2;
					};
				};
			};
			buildConfigurationList = B1B751DB233D28D6002C83F2 /* Build configuration list for PBXProject "BookSeeker" */;
			compatibilityVersion = "Xcode 9.3";
			developmentRegion = en;
			hasScannedForEncodings = 0;
			knownRegions = (
				en,
				Base,
			);
			mainGroup = B1B751D7233D28D6002C83F2;
			productRefGroup = B1B751E1233D28D6002C83F2 /* Products */;
			projectDirPath = "";
			projectRoot = "";
			targets = (
				B1B751DF233D28D6002C83F2 /* BookSeeker */,
				B1B751F5233D28D8002C83F2 /* BookSeekerTests */,
			);
		};
/* End PBXProject section */

/* Begin PBXResourcesBuildPhase section */
		B1B751DE233D28D6002C83F2 /* Resources */ = {
			isa = PBXResourcesBuildPhase;
			buildActionMask = 2147483647;
			files = (
				B1B751F0233D28D8002C83F2 /* LaunchScreen.storyboard in Resources */,
				B1B751ED233D28D8002C83F2 /* Assets.xcassets in Resources */,
			);
			runOnlyForDeploymentPostprocessing = 0;
		};
		B1B751F4233D28D8002C83F2 /* Resources */ = {
			isa = PBXResourcesBuildPhase;
			buildActionMask = 2147483647;
			files = (
			);
			runOnlyForDeploymentPostprocessing = 0;
		};
/* End PBXResourcesBuildPhase section */

/* Begin PBXShellScriptBuildPhase section */
		2DEB28B929D0D453771C11FF /* [CP] Check Pods Manifest.lock */ = {
			isa = PBXShellScriptBuildPhase;
			buildActionMask = 2147483647;
			files = (
			);
			inputFileListPaths = (
			);
			inputPaths = (
				"${PODS_PODFILE_DIR_PATH}/Podfile.lock",
				"${PODS_ROOT}/Manifest.lock",
			);
			name = "[CP] Check Pods Manifest.lock";
			outputFileListPaths = (
			);
			outputPaths = (
				"$(DERIVED_FILE_DIR)/Pods-BookSeeker-checkManifestLockResult.txt",
			);
			runOnlyForDeploymentPostprocessing = 0;
			shellPath = /bin/sh;
			shellScript = "diff \"${PODS_PODFILE_DIR_PATH}/Podfile.lock\" \"${PODS_ROOT}/Manifest.lock\" > /dev/null\nif [ $? != 0 ] ; then\n    # print error to STDERR\n    echo \"error: The sandbox is not in sync with the Podfile.lock. Run 'pod install' or update your CocoaPods installation.\" >&2\n    exit 1\nfi\n# This output is used by Xcode 'outputs' to avoid re-running this script phase.\necho \"SUCCESS\" > \"${SCRIPT_OUTPUT_FILE_0}\"\n";
			showEnvVarsInLog = 0;
		};
		3CA8BFD732994D6391A290BC /* [CP] Embed Pods Frameworks */ = {
			isa = PBXShellScriptBuildPhase;
			buildActionMask = 2147483647;
			files = (
			);
			inputFileListPaths = (
				"${PODS_ROOT}/Target Support Files/Pods-BookSeeker/Pods-BookSeeker-frameworks-${CONFIGURATION}-input-files.xcfilelist",
			);
			name = "[CP] Embed Pods Frameworks";
			outputFileListPaths = (
				"${PODS_ROOT}/Target Support Files/Pods-BookSeeker/Pods-BookSeeker-frameworks-${CONFIGURATION}-output-files.xcfilelist",
			);
			runOnlyForDeploymentPostprocessing = 0;
			shellPath = /bin/sh;
			shellScript = "\"${PODS_ROOT}/Target Support Files/Pods-BookSeeker/Pods-BookSeeker-frameworks.sh\"\n";
			showEnvVarsInLog = 0;
		};
		B1B75213233D47BB002C83F2 /* Swiftlint */ = {
			isa = PBXShellScriptBuildPhase;
			buildActionMask = 2147483647;
			files = (
			);
			inputFileListPaths = (
			);
			inputPaths = (
			);
			name = Swiftlint;
			outputFileListPaths = (
			);
			outputPaths = (
			);
			runOnlyForDeploymentPostprocessing = 0;
			shellPath = /bin/sh;
			shellScript = "${PODS_ROOT}/SwiftLint/swiftlint\n";
		};
		FE316AF6D339D3DE221F1B0F /* [CP] Check Pods Manifest.lock */ = {
			isa = PBXShellScriptBuildPhase;
			buildActionMask = 2147483647;
			files = (
			);
			inputFileListPaths = (
			);
			inputPaths = (
				"${PODS_PODFILE_DIR_PATH}/Podfile.lock",
				"${PODS_ROOT}/Manifest.lock",
			);
			name = "[CP] Check Pods Manifest.lock";
			outputFileListPaths = (
			);
			outputPaths = (
				"$(DERIVED_FILE_DIR)/Pods-BookSeekerTests-checkManifestLockResult.txt",
			);
			runOnlyForDeploymentPostprocessing = 0;
			shellPath = /bin/sh;
			shellScript = "diff \"${PODS_PODFILE_DIR_PATH}/Podfile.lock\" \"${PODS_ROOT}/Manifest.lock\" > /dev/null\nif [ $? != 0 ] ; then\n    # print error to STDERR\n    echo \"error: The sandbox is not in sync with the Podfile.lock. Run 'pod install' or update your CocoaPods installation.\" >&2\n    exit 1\nfi\n# This output is used by Xcode 'outputs' to avoid re-running this script phase.\necho \"SUCCESS\" > \"${SCRIPT_OUTPUT_FILE_0}\"\n";
			showEnvVarsInLog = 0;
		};
/* End PBXShellScriptBuildPhase section */

/* Begin PBXSourcesBuildPhase section */
		B1B751DC233D28D6002C83F2 /* Sources */ = {
			isa = PBXSourcesBuildPhase;
			buildActionMask = 2147483647;
			files = (
				0269F8FF23F05DAA005FD857 /* FactoryImplementation.swift in Sources */,
				0269F8EC23EF69EC005FD857 /* BookCell.swift in Sources */,
				0269F91B23F091FF005FD857 /* PastSearchesViewCell.swift in Sources */,
				0203122523ECE2E30052E070 /* Search.swift in Sources */,
				0269F90823F06304005FD857 /* BookSeekerDetailViewModel.swift in Sources */,
				0269F90323F05DFD005FD857 /* FlowController.swift in Sources */,
				B1B751E4233D28D6002C83F2 /* AppDelegate.swift in Sources */,
				0269F8E723EF6830005FD857 /* BaseTableViewController.swift in Sources */,
				0269F92123F094E3005FD857 /* PastSearchesViewModel.swift in Sources */,
				0203123423EE28E60052E070 /* Book.swift in Sources */,
				0269F91423F075BB005FD857 /* String+Extensions.swift in Sources */,
				0203122723ECE2FD0052E070 /* SearchDataAccessProvider.swift in Sources */,
				0269F8EE23EF6B8E005FD857 /* BookSeekerSearchResultViewModel.swift in Sources */,
				0269F90A23F06315005FD857 /* BookSeekerDetailViewControllerDelegate.swift in Sources */,
				0269F8E923EF69C2005FD857 /* BaseTableViewCell.swift in Sources */,
				0203122E23ECEAB20052E070 /* BookRequest.swift in Sources */,
				0269F90623F062F5005FD857 /* BookSeekerDetailViewController.swift in Sources */,
				0269F8F623EF9385005FD857 /* BookSeekerSearchResultDelegate.swift in Sources */,
				0269F8FD23F05D91005FD857 /* ServiceAssembly.swift in Sources */,
				0269F91023F06E4C005FD857 /* ViewCustomizable.swift in Sources */,
				0269F8FB23F05CFD005FD857 /* FeatureAssembly.swift in Sources */,
				0269F8E323EF6668005FD857 /* BookSeekerSearchResultViewController.swift in Sources */,
				0269F90E23F06A20005FD857 /* DetailsItemView.swift in Sources */,
				0203122323ECE2900052E070 /* DataModel.xcdatamodeld in Sources */,
				0269F8F323EF83B6005FD857 /* AlertType.swift in Sources */,
				0269F91623F077A7005FD857 /* UIView+Extensions.swift in Sources */,
				0203123023ECEB3D0052E070 /* ServiceManager.swift in Sources */,
				0269F8F923F05CEA005FD857 /* DepedencyInjection.swift in Sources */,
				0269F8F023EF8324005FD857 /* ViewLayoutable.swift in Sources */,
				0269F91F23F09456005FD857 /* PastSearchesView.swift in Sources */,
				0203123A23EE329A0052E070 /* BookResponse.swift in Sources */,
				0269F90123F05DDF005FD857 /* Factory.swift in Sources */,
			);
			runOnlyForDeploymentPostprocessing = 0;
		};
		B1B751F2233D28D8002C83F2 /* Sources */ = {
			isa = PBXSourcesBuildPhase;
			buildActionMask = 2147483647;
			files = (
				0203123D23EE377F0052E070 /* BookSeekerStorageTests.swift in Sources */,
				0203124523EF4DA80052E070 /* BookSeekerServiceManagerTests.swift in Sources */,
			);
			runOnlyForDeploymentPostprocessing = 0;
		};
/* End PBXSourcesBuildPhase section */

/* Begin PBXTargetDependency section */
		B1B751F8233D28D8002C83F2 /* PBXTargetDependency */ = {
			isa = PBXTargetDependency;
			target = B1B751DF233D28D6002C83F2 /* BookSeeker */;
			targetProxy = B1B751F7233D28D8002C83F2 /* PBXContainerItemProxy */;
		};
/* End PBXTargetDependency section */

/* Begin PBXVariantGroup section */
		B1B751EE233D28D8002C83F2 /* LaunchScreen.storyboard */ = {
			isa = PBXVariantGroup;
			children = (
				B1B751EF233D28D8002C83F2 /* Base */,
			);
			name = LaunchScreen.storyboard;
			sourceTree = "<group>";
		};
/* End PBXVariantGroup section */

/* Begin XCBuildConfiguration section */
		B1B75208233D28D9002C83F2 /* Debug */ = {
			isa = XCBuildConfiguration;
			buildSettings = {
				ALWAYS_SEARCH_USER_PATHS = NO;
				CLANG_ANALYZER_NONNULL = YES;
				CLANG_ANALYZER_NUMBER_OBJECT_CONVERSION = YES_AGGRESSIVE;
				CLANG_CXX_LANGUAGE_STANDARD = "gnu++14";
				CLANG_CXX_LIBRARY = "libc++";
				CLANG_ENABLE_MODULES = YES;
				CLANG_ENABLE_OBJC_ARC = YES;
				CLANG_ENABLE_OBJC_WEAK = YES;
				CLANG_WARN_BLOCK_CAPTURE_AUTORELEASING = YES;
				CLANG_WARN_BOOL_CONVERSION = YES;
				CLANG_WARN_COMMA = YES;
				CLANG_WARN_CONSTANT_CONVERSION = YES;
				CLANG_WARN_DEPRECATED_OBJC_IMPLEMENTATIONS = YES;
				CLANG_WARN_DIRECT_OBJC_ISA_USAGE = YES_ERROR;
				CLANG_WARN_DOCUMENTATION_COMMENTS = YES;
				CLANG_WARN_EMPTY_BODY = YES;
				CLANG_WARN_ENUM_CONVERSION = YES;
				CLANG_WARN_INFINITE_RECURSION = YES;
				CLANG_WARN_INT_CONVERSION = YES;
				CLANG_WARN_NON_LITERAL_NULL_CONVERSION = YES;
				CLANG_WARN_OBJC_IMPLICIT_RETAIN_SELF = YES;
				CLANG_WARN_OBJC_LITERAL_CONVERSION = YES;
				CLANG_WARN_OBJC_ROOT_CLASS = YES_ERROR;
				CLANG_WARN_RANGE_LOOP_ANALYSIS = YES;
				CLANG_WARN_STRICT_PROTOTYPES = YES;
				CLANG_WARN_SUSPICIOUS_MOVE = YES;
				CLANG_WARN_UNGUARDED_AVAILABILITY = YES_AGGRESSIVE;
				CLANG_WARN_UNREACHABLE_CODE = YES;
				CLANG_WARN__DUPLICATE_METHOD_MATCH = YES;
				COPY_PHASE_STRIP = NO;
				DEBUG_INFORMATION_FORMAT = dwarf;
				ENABLE_STRICT_OBJC_MSGSEND = YES;
				ENABLE_TESTABILITY = YES;
				GCC_C_LANGUAGE_STANDARD = gnu11;
				GCC_DYNAMIC_NO_PIC = NO;
				GCC_NO_COMMON_BLOCKS = YES;
				GCC_OPTIMIZATION_LEVEL = 0;
				GCC_PREPROCESSOR_DEFINITIONS = (
					"DEBUG=1",
					"$(inherited)",
				);
				GCC_WARN_64_TO_32_BIT_CONVERSION = YES;
				GCC_WARN_ABOUT_RETURN_TYPE = YES_ERROR;
				GCC_WARN_UNDECLARED_SELECTOR = YES;
				GCC_WARN_UNINITIALIZED_AUTOS = YES_AGGRESSIVE;
				GCC_WARN_UNUSED_FUNCTION = YES;
				GCC_WARN_UNUSED_VARIABLE = YES;
				IPHONEOS_DEPLOYMENT_TARGET = 12.1;
				MTL_ENABLE_DEBUG_INFO = INCLUDE_SOURCE;
				MTL_FAST_MATH = YES;
				ONLY_ACTIVE_ARCH = YES;
				SDKROOT = iphoneos;
				SWIFT_ACTIVE_COMPILATION_CONDITIONS = DEBUG;
				SWIFT_OPTIMIZATION_LEVEL = "-Onone";
				SWIFT_VERSION = 4.2;
			};
			name = Debug;
		};
		B1B75209233D28D9002C83F2 /* Release */ = {
			isa = XCBuildConfiguration;
			buildSettings = {
				ALWAYS_SEARCH_USER_PATHS = NO;
				CLANG_ANALYZER_NONNULL = YES;
				CLANG_ANALYZER_NUMBER_OBJECT_CONVERSION = YES_AGGRESSIVE;
				CLANG_CXX_LANGUAGE_STANDARD = "gnu++14";
				CLANG_CXX_LIBRARY = "libc++";
				CLANG_ENABLE_MODULES = YES;
				CLANG_ENABLE_OBJC_ARC = YES;
				CLANG_ENABLE_OBJC_WEAK = YES;
				CLANG_WARN_BLOCK_CAPTURE_AUTORELEASING = YES;
				CLANG_WARN_BOOL_CONVERSION = YES;
				CLANG_WARN_COMMA = YES;
				CLANG_WARN_CONSTANT_CONVERSION = YES;
				CLANG_WARN_DEPRECATED_OBJC_IMPLEMENTATIONS = YES;
				CLANG_WARN_DIRECT_OBJC_ISA_USAGE = YES_ERROR;
				CLANG_WARN_DOCUMENTATION_COMMENTS = YES;
				CLANG_WARN_EMPTY_BODY = YES;
				CLANG_WARN_ENUM_CONVERSION = YES;
				CLANG_WARN_INFINITE_RECURSION = YES;
				CLANG_WARN_INT_CONVERSION = YES;
				CLANG_WARN_NON_LITERAL_NULL_CONVERSION = YES;
				CLANG_WARN_OBJC_IMPLICIT_RETAIN_SELF = YES;
				CLANG_WARN_OBJC_LITERAL_CONVERSION = YES;
				CLANG_WARN_OBJC_ROOT_CLASS = YES_ERROR;
				CLANG_WARN_RANGE_LOOP_ANALYSIS = YES;
				CLANG_WARN_STRICT_PROTOTYPES = YES;
				CLANG_WARN_SUSPICIOUS_MOVE = YES;
				CLANG_WARN_UNGUARDED_AVAILABILITY = YES_AGGRESSIVE;
				CLANG_WARN_UNREACHABLE_CODE = YES;
				CLANG_WARN__DUPLICATE_METHOD_MATCH = YES;
				COPY_PHASE_STRIP = NO;
				DEBUG_INFORMATION_FORMAT = "dwarf-with-dsym";
				ENABLE_NS_ASSERTIONS = NO;
				ENABLE_STRICT_OBJC_MSGSEND = YES;
				GCC_C_LANGUAGE_STANDARD = gnu11;
				GCC_NO_COMMON_BLOCKS = YES;
				GCC_WARN_64_TO_32_BIT_CONVERSION = YES;
				GCC_WARN_ABOUT_RETURN_TYPE = YES_ERROR;
				GCC_WARN_UNDECLARED_SELECTOR = YES;
				GCC_WARN_UNINITIALIZED_AUTOS = YES_AGGRESSIVE;
				GCC_WARN_UNUSED_FUNCTION = YES;
				GCC_WARN_UNUSED_VARIABLE = YES;
				IPHONEOS_DEPLOYMENT_TARGET = 12.1;
				MTL_ENABLE_DEBUG_INFO = NO;
				MTL_FAST_MATH = YES;
				SDKROOT = iphoneos;
				SWIFT_COMPILATION_MODE = wholemodule;
				SWIFT_OPTIMIZATION_LEVEL = "-O";
				SWIFT_VERSION = 4.2;
				VALIDATE_PRODUCT = YES;
			};
			name = Release;
		};
		B1B7520B233D28D9002C83F2 /* Debug */ = {
			isa = XCBuildConfiguration;
			baseConfigurationReference = 0043A0DA9B201F3B8E554D5F /* Pods-BookSeeker.debug.xcconfig */;
			buildSettings = {
				ASSETCATALOG_COMPILER_APPICON_NAME = AppIcon;
				CODE_SIGN_STYLE = Automatic;
				DEVELOPMENT_TEAM = 3H3EUG783L;
				INFOPLIST_FILE = "$(SRCROOT)/BookSeeker/Resource/Info.plist";
				IPHONEOS_DEPLOYMENT_TARGET = 12.0;
				LD_RUNPATH_SEARCH_PATHS = (
					"$(inherited)",
					"@executable_path/Frameworks",
				);
				PRODUCT_BUNDLE_IDENTIFIER = com.ciandt.book.seeker.BookSeeker;
				PRODUCT_NAME = "$(TARGET_NAME)";
				SWIFT_VERSION = 4.2;
				TARGETED_DEVICE_FAMILY = 1;
			};
			name = Debug;
		};
		B1B7520C233D28D9002C83F2 /* Release */ = {
			isa = XCBuildConfiguration;
			baseConfigurationReference = 31B8D881FA8E490F13BFE945 /* Pods-BookSeeker.release.xcconfig */;
			buildSettings = {
				ASSETCATALOG_COMPILER_APPICON_NAME = AppIcon;
				CODE_SIGN_STYLE = Automatic;
				DEVELOPMENT_TEAM = 3H3EUG783L;
				INFOPLIST_FILE = "$(SRCROOT)/BookSeeker/Resource/Info.plist";
				IPHONEOS_DEPLOYMENT_TARGET = 12.0;
				LD_RUNPATH_SEARCH_PATHS = (
					"$(inherited)",
					"@executable_path/Frameworks",
				);
				PRODUCT_BUNDLE_IDENTIFIER = com.ciandt.book.seeker.BookSeeker;
				PRODUCT_NAME = "$(TARGET_NAME)";
				SWIFT_VERSION = 4.2;
				TARGETED_DEVICE_FAMILY = 1;
			};
			name = Release;
		};
		B1B7520E233D28D9002C83F2 /* Debug */ = {
			isa = XCBuildConfiguration;
			baseConfigurationReference = 3FC463FEE6B8A8869E69A364 /* Pods-BookSeekerTests.debug.xcconfig */;
			buildSettings = {
				ALWAYS_EMBED_SWIFT_STANDARD_LIBRARIES = YES;
				BUNDLE_LOADER = "$(TEST_HOST)";
				CLANG_ENABLE_MODULES = YES;
				CODE_SIGN_STYLE = Automatic;
				INFOPLIST_FILE = BookSeekerTests/Info.plist;
				IPHONEOS_DEPLOYMENT_TARGET = 12.1;
				LD_RUNPATH_SEARCH_PATHS = (
					"$(inherited)",
					"@executable_path/Frameworks",
					"@loader_path/Frameworks",
				);
				PRODUCT_BUNDLE_IDENTIFIER = com.ciandt.book.seeker.BookSeekerTests;
				PRODUCT_NAME = "$(TARGET_NAME)";
				SWIFT_OPTIMIZATION_LEVEL = "-Onone";
				SWIFT_VERSION = 4.2;
				TARGETED_DEVICE_FAMILY = "1,2";
				TEST_HOST = "$(BUILT_PRODUCTS_DIR)/BookSeeker.app/BookSeeker";
			};
			name = Debug;
		};
		B1B7520F233D28D9002C83F2 /* Release */ = {
			isa = XCBuildConfiguration;
			baseConfigurationReference = EC538FD9C107A4556A3DE6B7 /* Pods-BookSeekerTests.release.xcconfig */;
			buildSettings = {
				ALWAYS_EMBED_SWIFT_STANDARD_LIBRARIES = YES;
				BUNDLE_LOADER = "$(TEST_HOST)";
				CLANG_ENABLE_MODULES = YES;
				CODE_SIGN_STYLE = Automatic;
				INFOPLIST_FILE = BookSeekerTests/Info.plist;
				IPHONEOS_DEPLOYMENT_TARGET = 12.1;
				LD_RUNPATH_SEARCH_PATHS = (
					"$(inherited)",
					"@executable_path/Frameworks",
					"@loader_path/Frameworks",
				);
				PRODUCT_BUNDLE_IDENTIFIER = com.ciandt.book.seeker.BookSeekerTests;
				PRODUCT_NAME = "$(TARGET_NAME)";
				SWIFT_VERSION = 4.2;
				TARGETED_DEVICE_FAMILY = "1,2";
				TEST_HOST = "$(BUILT_PRODUCTS_DIR)/BookSeeker.app/BookSeeker";
			};
			name = Release;
		};
/* End XCBuildConfiguration section */

/* Begin XCConfigurationList section */
		B1B751DB233D28D6002C83F2 /* Build configuration list for PBXProject "BookSeeker" */ = {
			isa = XCConfigurationList;
			buildConfigurations = (
				B1B75208233D28D9002C83F2 /* Debug */,
				B1B75209233D28D9002C83F2 /* Release */,
			);
			defaultConfigurationIsVisible = 0;
			defaultConfigurationName = Release;
		};
		B1B7520A233D28D9002C83F2 /* Build configuration list for PBXNativeTarget "BookSeeker" */ = {
			isa = XCConfigurationList;
			buildConfigurations = (
				B1B7520B233D28D9002C83F2 /* Debug */,
				B1B7520C233D28D9002C83F2 /* Release */,
			);
			defaultConfigurationIsVisible = 0;
			defaultConfigurationName = Release;
		};
		B1B7520D233D28D9002C83F2 /* Build configuration list for PBXNativeTarget "BookSeekerTests" */ = {
			isa = XCConfigurationList;
			buildConfigurations = (
				B1B7520E233D28D9002C83F2 /* Debug */,
				B1B7520F233D28D9002C83F2 /* Release */,
			);
			defaultConfigurationIsVisible = 0;
			defaultConfigurationName = Release;
		};
/* End XCConfigurationList section */

/* Begin XCVersionGroup section */
		0203122123ECE2900052E070 /* DataModel.xcdatamodeld */ = {
			isa = XCVersionGroup;
			children = (
				0203122223ECE2900052E070 /* DataModel.xcdatamodel */,
			);
			currentVersion = 0203122223ECE2900052E070 /* DataModel.xcdatamodel */;
			path = DataModel.xcdatamodeld;
			sourceTree = "<group>";
			versionGroupType = wrapper.xcdatamodel;
		};
/* End XCVersionGroup section */
	};
	rootObject = B1B751D8233D28D6002C83F2 /* Project object */;
}
